// !$*UTF8*$!
{
	archiveVersion = 1;
	classes = {
	};
	objectVersion = 56;
	objects = {

/* Begin PBXBuildFile section */
		39D634B22CB14F51000572A1 /* ai.c in Sources */ = {isa = PBXBuildFile; fileRef = 3977833A2CAF3B36005604C3 /* ai.c */; };
		39D634B32CB14F51000572A1 /* battle.c in Sources */ = {isa = PBXBuildFile; fileRef = 3977833B2CAF3B36005604C3 /* battle.c */; };
		39D634B42CB14F51000572A1 /* colors.c in Sources */ = {isa = PBXBuildFile; fileRef = 3977833D2CAF3B36005604C3 /* colors.c */; };
		39D634B52CB14F51000572A1 /* colors.h in Sources */ = {isa = PBXBuildFile; fileRef = 3977833E2CAF3B36005604C3 /* colors.h */; };
		39D634B62CB14F51000572A1 /* crewdialog.c in Sources */ = {isa = PBXBuildFile; fileRef = 3977833F2CAF3B36005604C3 /* crewdialog.c */; };
		39D634B72CB14F51000572A1 /* crewdialog.h in Sources */ = {isa = PBXBuildFile; fileRef = 397783402CAF3B36005604C3 /* crewdialog.h */; };
		39D634B82CB14F51000572A1 /* events.c in Sources */ = {isa = PBXBuildFile; fileRef = 397783412CAF3B36005604C3 /* events.c */; };
		39D634B92CB14F51000572A1 /* finish.c in Sources */ = {isa = PBXBuildFile; fileRef = 397783422CAF3B36005604C3 /* finish.c */; };
		39D634BA2CB14F51000572A1 /* hamtrek.c in Sources */ = {isa = PBXBuildFile; fileRef = 397783432CAF3B36005604C3 /* hamtrek.c */; };
		39D634BB2CB14F51000572A1 /* hamtrek.h in Sources */ = {isa = PBXBuildFile; fileRef = 397783442CAF3B36005604C3 /* hamtrek.h */; };
		39D634BC2CB14F51000572A1 /* moving.c in Sources */ = {isa = PBXBuildFile; fileRef = 397783462CAF3B36005604C3 /* moving.c */; };
		39D634BD2CB14F51000572A1 /* osx.c in Sources */ = {isa = PBXBuildFile; fileRef = 397783472CAF3B36005604C3 /* osx.c */; };
		39D634BE2CB14F51000572A1 /* planets.c in Sources */ = {isa = PBXBuildFile; fileRef = 397783482CAF3B36005604C3 /* planets.c */; };
		39D634BF2CB14F51000572A1 /* reports.c in Sources */ = {isa = PBXBuildFile; fileRef = 397783492CAF3B36005604C3 /* reports.c */; };
		39D634C02CB14F51000572A1 /* setup.c in Sources */ = {isa = PBXBuildFile; fileRef = 3977834A2CAF3B36005604C3 /* setup.c */; };
		39D634C12CB14F51000572A1 /* watch.c in Sources */ = {isa = PBXBuildFile; fileRef = 3977834C2CAF3B36005604C3 /* watch.c */; };
		39D634C22CB14F51000572A1 /* watch.h in Sources */ = {isa = PBXBuildFile; fileRef = 3977834D2CAF3B36005604C3 /* watch.h */; };
/* End PBXBuildFile section */

/* Begin PBXCopyFilesBuildPhase section */
		39B5CF772CAD6ADE009ED119 /* CopyFiles */ = {
			isa = PBXCopyFilesBuildPhase;
			buildActionMask = 2147483647;
			dstPath = /usr/share/man/man1/;
			dstSubfolderSpec = 0;
			files = (
			);
			runOnlyForDeploymentPostprocessing = 1;
		};
/* End PBXCopyFilesBuildPhase section */

/* Begin PBXFileReference section */
		3977831C2CAF3B0C005604C3 /* hamtrek.txt */ = {isa = PBXFileReference; lastKnownFileType = text; path = hamtrek.txt; sourceTree = "<group>"; };
		3977831D2CAF3B0C005604C3 /* README */ = {isa = PBXFileReference; lastKnownFileType = text; path = README; sourceTree = "<group>"; };
		3977833A2CAF3B36005604C3 /* ai.c */ = {isa = PBXFileReference; lastKnownFileType = sourcecode.c.c; path = ai.c; sourceTree = "<group>"; };
		3977833B2CAF3B36005604C3 /* battle.c */ = {isa = PBXFileReference; lastKnownFileType = sourcecode.c.c; path = battle.c; sourceTree = "<group>"; };
		3977833C2CAF3B36005604C3 /* buildforwindows.txt */ = {isa = PBXFileReference; lastKnownFileType = text; path = buildforwindows.txt; sourceTree = "<group>"; };
		3977833D2CAF3B36005604C3 /* colors.c */ = {isa = PBXFileReference; lastKnownFileType = sourcecode.c.c; path = colors.c; sourceTree = "<group>"; };
		3977833E2CAF3B36005604C3 /* colors.h */ = {isa = PBXFileReference; lastKnownFileType = sourcecode.c.h; path = colors.h; sourceTree = "<group>"; };
		3977833F2CAF3B36005604C3 /* crewdialog.c */ = {isa = PBXFileReference; lastKnownFileType = sourcecode.c.c; path = crewdialog.c; sourceTree = "<group>"; };
		397783402CAF3B36005604C3 /* crewdialog.h */ = {isa = PBXFileReference; lastKnownFileType = sourcecode.c.h; path = crewdialog.h; sourceTree = "<group>"; };
		397783412CAF3B36005604C3 /* events.c */ = {isa = PBXFileReference; lastKnownFileType = sourcecode.c.c; path = events.c; sourceTree = "<group>"; };
		397783422CAF3B36005604C3 /* finish.c */ = {isa = PBXFileReference; lastKnownFileType = sourcecode.c.c; path = finish.c; sourceTree = "<group>"; };
		397783432CAF3B36005604C3 /* hamtrek.c */ = {isa = PBXFileReference; lastKnownFileType = sourcecode.c.c; path = hamtrek.c; sourceTree = "<group>"; };
		397783442CAF3B36005604C3 /* hamtrek.h */ = {isa = PBXFileReference; lastKnownFileType = sourcecode.c.h; path = hamtrek.h; sourceTree = "<group>"; };
		397783452CAF3B36005604C3 /* makefile */ = {isa = PBXFileReference; lastKnownFileType = sourcecode.make; path = makefile; sourceTree = "<group>"; };
		397783462CAF3B36005604C3 /* moving.c */ = {isa = PBXFileReference; lastKnownFileType = sourcecode.c.c; path = moving.c; sourceTree = "<group>"; };
		397783472CAF3B36005604C3 /* osx.c */ = {isa = PBXFileReference; lastKnownFileType = sourcecode.c.c; path = osx.c; sourceTree = "<group>"; };
		397783482CAF3B36005604C3 /* planets.c */ = {isa = PBXFileReference; lastKnownFileType = sourcecode.c.c; path = planets.c; sourceTree = "<group>"; };
		397783492CAF3B36005604C3 /* reports.c */ = {isa = PBXFileReference; lastKnownFileType = sourcecode.c.c; path = reports.c; sourceTree = "<group>"; };
		3977834A2CAF3B36005604C3 /* setup.c */ = {isa = PBXFileReference; lastKnownFileType = sourcecode.c.c; path = setup.c; sourceTree = "<group>"; };
		3977834C2CAF3B36005604C3 /* watch.c */ = {isa = PBXFileReference; lastKnownFileType = sourcecode.c.c; path = watch.c; sourceTree = "<group>"; };
		3977834D2CAF3B36005604C3 /* watch.h */ = {isa = PBXFileReference; lastKnownFileType = sourcecode.c.h; path = watch.h; sourceTree = "<group>"; };
		39B5CF792CAD6ADE009ED119 /* hamtrek */ = {isa = PBXFileReference; explicitFileType = "compiled.mach-o.executable"; includeInIndex = 0; path = hamtrek; sourceTree = BUILT_PRODUCTS_DIR; };
/* End PBXFileReference section */

/* Begin PBXFrameworksBuildPhase section */
		39B5CF762CAD6ADE009ED119 /* Frameworks */ = {
			isa = PBXFrameworksBuildPhase;
			buildActionMask = 2147483647;
			files = (
			);
			runOnlyForDeploymentPostprocessing = 0;
		};
/* End PBXFrameworksBuildPhase section */

/* Begin PBXGroup section */
		3977834E2CAF3B36005604C3 /* src */ = {
			isa = PBXGroup;
			children = (
				3977833A2CAF3B36005604C3 /* ai.c */,
				3977833B2CAF3B36005604C3 /* battle.c */,
				3977833C2CAF3B36005604C3 /* buildforwindows.txt */,
				3977833D2CAF3B36005604C3 /* colors.c */,
				3977833E2CAF3B36005604C3 /* colors.h */,
				3977833F2CAF3B36005604C3 /* crewdialog.c */,
				397783402CAF3B36005604C3 /* crewdialog.h */,
				397783412CAF3B36005604C3 /* events.c */,
				397783422CAF3B36005604C3 /* finish.c */,
				397783432CAF3B36005604C3 /* hamtrek.c */,
				397783442CAF3B36005604C3 /* hamtrek.h */,
				397783452CAF3B36005604C3 /* makefile */,
				397783462CAF3B36005604C3 /* moving.c */,
				397783472CAF3B36005604C3 /* osx.c */,
				397783482CAF3B36005604C3 /* planets.c */,
				397783492CAF3B36005604C3 /* reports.c */,
				3977834A2CAF3B36005604C3 /* setup.c */,
				3977834C2CAF3B36005604C3 /* watch.c */,
				3977834D2CAF3B36005604C3 /* watch.h */,
			);
			path = src;
			sourceTree = "<group>";
		};
		39B5CF702CAD6ADE009ED119 = {
			isa = PBXGroup;
			children = (
				3977831C2CAF3B0C005604C3 /* hamtrek.txt */,
				3977831D2CAF3B0C005604C3 /* README */,
				3977834E2CAF3B36005604C3 /* src */,
				39B5CF7A2CAD6ADE009ED119 /* Products */,
			);
			sourceTree = "<group>";
		};
		39B5CF7A2CAD6ADE009ED119 /* Products */ = {
			isa = PBXGroup;
			children = (
				39B5CF792CAD6ADE009ED119 /* hamtrek */,
			);
			name = Products;
			sourceTree = "<group>";
		};
/* End PBXGroup section */

/* Begin PBXNativeTarget section */
		39B5CF782CAD6ADE009ED119 /* hamtrek */ = {
			isa = PBXNativeTarget;
			buildConfigurationList = 39B5CF802CAD6ADE009ED119 /* Build configuration list for PBXNativeTarget "hamtrek" */;
			buildPhases = (
				39B5CF752CAD6ADE009ED119 /* Sources */,
				39B5CF762CAD6ADE009ED119 /* Frameworks */,
				39B5CF772CAD6ADE009ED119 /* CopyFiles */,
			);
			buildRules = (
			);
			dependencies = (
			);
			name = hamtrek;
			productName = hamtrek;
			productReference = 39B5CF792CAD6ADE009ED119 /* hamtrek */;
			productType = "com.apple.product-type.tool";
		};
/* End PBXNativeTarget section */

/* Begin PBXProject section */
		39B5CF712CAD6ADE009ED119 /* Project object */ = {
			isa = PBXProject;
			attributes = {
				BuildIndependentTargetsInParallel = 1;
				LastUpgradeCheck = 1540;
				TargetAttributes = {
					39B5CF782CAD6ADE009ED119 = {
						CreatedOnToolsVersion = 15.4;
					};
				};
			};
			buildConfigurationList = 39B5CF742CAD6ADE009ED119 /* Build configuration list for PBXProject "hamtrek" */;
			compatibilityVersion = "Xcode 14.0";
			developmentRegion = en;
			hasScannedForEncodings = 0;
			knownRegions = (
				en,
				Base,
			);
			mainGroup = 39B5CF702CAD6ADE009ED119;
			productRefGroup = 39B5CF7A2CAD6ADE009ED119 /* Products */;
			projectDirPath = "";
			projectRoot = "";
			targets = (
				39B5CF782CAD6ADE009ED119 /* hamtrek */,
			);
		};
/* End PBXProject section */

/* Begin PBXSourcesBuildPhase section */
		39B5CF752CAD6ADE009ED119 /* Sources */ = {
			isa = PBXSourcesBuildPhase;
			buildActionMask = 2147483647;
			files = (
				39D634B22CB14F51000572A1 /* ai.c in Sources */,
				39D634B32CB14F51000572A1 /* battle.c in Sources */,
				39D634B42CB14F51000572A1 /* colors.c in Sources */,
				39D634B52CB14F51000572A1 /* colors.h in Sources */,
				39D634B62CB14F51000572A1 /* crewdialog.c in Sources */,
				39D634B72CB14F51000572A1 /* crewdialog.h in Sources */,
				39D634B82CB14F51000572A1 /* events.c in Sources */,
				39D634B92CB14F51000572A1 /* finish.c in Sources */,
				39D634BA2CB14F51000572A1 /* hamtrek.c in Sources */,
				39D634BB2CB14F51000572A1 /* hamtrek.h in Sources */,
				39D634BC2CB14F51000572A1 /* moving.c in Sources */,
				39D634BD2CB14F51000572A1 /* osx.c in Sources */,
				39D634BE2CB14F51000572A1 /* planets.c in Sources */,
				39D634BF2CB14F51000572A1 /* reports.c in Sources */,
				39D634C02CB14F51000572A1 /* setup.c in Sources */,
				39D634C12CB14F51000572A1 /* watch.c in Sources */,
				39D634C22CB14F51000572A1 /* watch.h in Sources */,
			);
			runOnlyForDeploymentPostprocessing = 0;
		};
/* End PBXSourcesBuildPhase section */

/* Begin XCBuildConfiguration section */
		39B5CF7E2CAD6ADE009ED119 /* Debug */ = {
			isa = XCBuildConfiguration;
			buildSettings = {
				ALWAYS_SEARCH_USER_PATHS = NO;
				ASSETCATALOG_COMPILER_GENERATE_SWIFT_ASSET_SYMBOL_EXTENSIONS = YES;
				CLANG_ANALYZER_NONNULL = YES;
				CLANG_ANALYZER_NUMBER_OBJECT_CONVERSION = YES_AGGRESSIVE;
				CLANG_CXX_LANGUAGE_STANDARD = "gnu++20";
				CLANG_ENABLE_MODULES = YES;
				CLANG_ENABLE_OBJC_ARC = YES;
				CLANG_ENABLE_OBJC_WEAK = YES;
				CLANG_WARN_BLOCK_CAPTURE_AUTORELEASING = YES;
				CLANG_WARN_BOOL_CONVERSION = YES;
				CLANG_WARN_COMMA = YES;
				CLANG_WARN_CONSTANT_CONVERSION = YES;
				CLANG_WARN_DEPRECATED_OBJC_IMPLEMENTATIONS = YES;
				CLANG_WARN_DIRECT_OBJC_ISA_USAGE = YES_ERROR;
				CLANG_WARN_DOCUMENTATION_COMMENTS = YES;
				CLANG_WARN_EMPTY_BODY = YES;
				CLANG_WARN_ENUM_CONVERSION = YES;
				CLANG_WARN_INFINITE_RECURSION = YES;
				CLANG_WARN_INT_CONVERSION = YES;
				CLANG_WARN_NON_LITERAL_NULL_CONVERSION = YES;
				CLANG_WARN_OBJC_IMPLICIT_RETAIN_SELF = YES;
				CLANG_WARN_OBJC_LITERAL_CONVERSION = YES;
				CLANG_WARN_OBJC_ROOT_CLASS = YES_ERROR;
				CLANG_WARN_QUOTED_INCLUDE_IN_FRAMEWORK_HEADER = YES;
				CLANG_WARN_RANGE_LOOP_ANALYSIS = YES;
				CLANG_WARN_STRICT_PROTOTYPES = YES;
				CLANG_WARN_SUSPICIOUS_MOVE = YES;
				CLANG_WARN_UNGUARDED_AVAILABILITY = YES_AGGRESSIVE;
				CLANG_WARN_UNREACHABLE_CODE = YES;
				CLANG_WARN__DUPLICATE_METHOD_MATCH = YES;
				COPY_PHASE_STRIP = NO;
				DEBUG_INFORMATION_FORMAT = dwarf;
				ENABLE_STRICT_OBJC_MSGSEND = YES;
				ENABLE_TESTABILITY = YES;
				ENABLE_USER_SCRIPT_SANDBOXING = YES;
				GCC_C_LANGUAGE_STANDARD = gnu17;
				GCC_DYNAMIC_NO_PIC = NO;
				GCC_NO_COMMON_BLOCKS = YES;
				GCC_OPTIMIZATION_LEVEL = 0;
				GCC_PREPROCESSOR_DEFINITIONS = (
					"DEBUG=1",
					"$(inherited)",
				);
				GCC_WARN_64_TO_32_BIT_CONVERSION = YES;
				GCC_WARN_ABOUT_RETURN_TYPE = YES_ERROR;
				GCC_WARN_UNDECLARED_SELECTOR = YES;
				GCC_WARN_UNINITIALIZED_AUTOS = YES_AGGRESSIVE;
				GCC_WARN_UNUSED_FUNCTION = YES;
				GCC_WARN_UNUSED_VARIABLE = YES;
				LOCALIZATION_PREFERS_STRING_CATALOGS = YES;
				MACOSX_DEPLOYMENT_TARGET = 14.5;
				MTL_ENABLE_DEBUG_INFO = INCLUDE_SOURCE;
				MTL_FAST_MATH = YES;
				ONLY_ACTIVE_ARCH = YES;
				SDKROOT = macosx;
			};
			name = Debug;
		};
		39B5CF7F2CAD6ADE009ED119 /* Release */ = {
			isa = XCBuildConfiguration;
			buildSettings = {
				ALWAYS_SEARCH_USER_PATHS = NO;
				ASSETCATALOG_COMPILER_GENERATE_SWIFT_ASSET_SYMBOL_EXTENSIONS = YES;
				CLANG_ANALYZER_NONNULL = YES;
				CLANG_ANALYZER_NUMBER_OBJECT_CONVERSION = YES_AGGRESSIVE;
				CLANG_CXX_LANGUAGE_STANDARD = "gnu++20";
				CLANG_ENABLE_MODULES = YES;
				CLANG_ENABLE_OBJC_ARC = YES;
				CLANG_ENABLE_OBJC_WEAK = YES;
				CLANG_WARN_BLOCK_CAPTURE_AUTORELEASING = YES;
				CLANG_WARN_BOOL_CONVERSION = YES;
				CLANG_WARN_COMMA = YES;
				CLANG_WARN_CONSTANT_CONVERSION = YES;
				CLANG_WARN_DEPRECATED_OBJC_IMPLEMENTATIONS = YES;
				CLANG_WARN_DIRECT_OBJC_ISA_USAGE = YES_ERROR;
				CLANG_WARN_DOCUMENTATION_COMMENTS = YES;
				CLANG_WARN_EMPTY_BODY = YES;
				CLANG_WARN_ENUM_CONVERSION = YES;
				CLANG_WARN_INFINITE_RECURSION = YES;
				CLANG_WARN_INT_CONVERSION = YES;
				CLANG_WARN_NON_LITERAL_NULL_CONVERSION = YES;
				CLANG_WARN_OBJC_IMPLICIT_RETAIN_SELF = YES;
				CLANG_WARN_OBJC_LITERAL_CONVERSION = YES;
				CLANG_WARN_OBJC_ROOT_CLASS = YES_ERROR;
				CLANG_WARN_QUOTED_INCLUDE_IN_FRAMEWORK_HEADER = YES;
				CLANG_WARN_RANGE_LOOP_ANALYSIS = YES;
				CLANG_WARN_STRICT_PROTOTYPES = YES;
				CLANG_WARN_SUSPICIOUS_MOVE = YES;
				CLANG_WARN_UNGUARDED_AVAILABILITY = YES_AGGRESSIVE;
				CLANG_WARN_UNREACHABLE_CODE = YES;
				CLANG_WARN__DUPLICATE_METHOD_MATCH = YES;
				COPY_PHASE_STRIP = NO;
				DEBUG_INFORMATION_FORMAT = "dwarf-with-dsym";
				ENABLE_NS_ASSERTIONS = NO;
				ENABLE_STRICT_OBJC_MSGSEND = YES;
				ENABLE_USER_SCRIPT_SANDBOXING = YES;
				GCC_C_LANGUAGE_STANDARD = gnu17;
				GCC_NO_COMMON_BLOCKS = YES;
				GCC_WARN_64_TO_32_BIT_CONVERSION = YES;
				GCC_WARN_ABOUT_RETURN_TYPE = YES_ERROR;
				GCC_WARN_UNDECLARED_SELECTOR = YES;
				GCC_WARN_UNINITIALIZED_AUTOS = YES_AGGRESSIVE;
				GCC_WARN_UNUSED_FUNCTION = YES;
				GCC_WARN_UNUSED_VARIABLE = YES;
				LOCALIZATION_PREFERS_STRING_CATALOGS = YES;
				MACOSX_DEPLOYMENT_TARGET = 14.5;
				MTL_ENABLE_DEBUG_INFO = NO;
				MTL_FAST_MATH = YES;
				SDKROOT = macosx;
			};
			name = Release;
		};
		39B5CF812CAD6ADE009ED119 /* Debug */ = {
			isa = XCBuildConfiguration;
			buildSettings = {
				CODE_SIGN_STYLE = Automatic;
				PRODUCT_NAME = "$(TARGET_NAME)";
			};
			name = Debug;
		};
		39B5CF822CAD6ADE009ED119 /* Release */ = {
			isa = XCBuildConfiguration;
			buildSettings = {
				CODE_SIGN_STYLE = Automatic;
				PRODUCT_NAME = "$(TARGET_NAME)";
			};
			name = Release;
		};
/* End XCBuildConfiguration section */

/* Begin XCConfigurationList section */
		39B5CF742CAD6ADE009ED119 /* Build configuration list for PBXProject "hamtrek" */ = {
			isa = XCConfigurationList;
			buildConfigurations = (
				39B5CF7E2CAD6ADE009ED119 /* Debug */,
				39B5CF7F2CAD6ADE009ED119 /* Release */,
			);
			defaultConfigurationIsVisible = 0;
			defaultConfigurationName = Release;
		};
		39B5CF802CAD6ADE009ED119 /* Build configuration list for PBXNativeTarget "hamtrek" */ = {
			isa = XCConfigurationList;
			buildConfigurations = (
				39B5CF812CAD6ADE009ED119 /* Debug */,
				39B5CF822CAD6ADE009ED119 /* Release */,
			);
			defaultConfigurationIsVisible = 0;
			defaultConfigurationName = Release;
		};
/* End XCConfigurationList section */
	};
	rootObject = 39B5CF712CAD6ADE009ED119 /* Project object */;
}
